
Microsoft Visual Studio Solution File, Format Version 12.00
# Visual Studio Version 16
VisualStudioVersion = 16.0.29814.53
MinimumVisualStudioVersion = 10.0.40219.1
Project("{FAE04EC0-301F-11D3-BF4B-00C04F79EFBC}") = "Domain", "Domain\Domain.csproj", "{B7288BC7-8405-4B46-86C8-A2DFB7BE0746}"
EndProject
Project("{FAE04EC0-301F-11D3-BF4B-00C04F79EFBC}") = "Contracts.DAL.Base", "Contracts.DAL.Base\Contracts.DAL.Base.csproj", "{67ADDFCE-320E-4086-A180-4362644DB007}"
EndProject
Project("{FAE04EC0-301F-11D3-BF4B-00C04F79EFBC}") = "DAL.Base", "DAL.Base\DAL.Base.csproj", "{A7E55A31-113C-4BAC-B5B3-24A61F637483}"
EndProject
Project("{FAE04EC0-301F-11D3-BF4B-00C04F79EFBC}") = "WebApp", "WebApp\WebApp.csproj", "{81084352-9429-46F8-98C4-96F0569F3224}"
EndProject
Project("{FAE04EC0-301F-11D3-BF4B-00C04F79EFBC}") = "DAL.App.EF", "DAL.App.EF\DAL.App.EF.csproj", "{1396F85E-2521-4599-AC14-6DD63C22AEC8}"
EndProject
Project("{2150E333-8FDC-42A3-9474-1A3956D46DE8}") = "Assets", "Assets", "{3CB05A98-765A-4362-9B69-92D083BF3294}"
ProjectSection(SolutionItems) = preProject
	README.md = README.md
	Directory.Build.props = Directory.Build.props
	data_model.png = data_model.png
EndProjectSection
EndProject
Global
	GlobalSection(SolutionConfigurationPlatforms) = preSolution
		Debug|Any CPU = Debug|Any CPU
		Release|Any CPU = Release|Any CPU
	EndGlobalSection
	GlobalSection(ProjectConfigurationPlatforms) = postSolution
		{B7288BC7-8405-4B46-86C8-A2DFB7BE0746}.Debug|Any CPU.ActiveCfg = Debug|Any CPU
		{B7288BC7-8405-4B46-86C8-A2DFB7BE0746}.Debug|Any CPU.Build.0 = Debug|Any CPU
		{B7288BC7-8405-4B46-86C8-A2DFB7BE0746}.Release|Any CPU.ActiveCfg = Release|Any CPU
		{B7288BC7-8405-4B46-86C8-A2DFB7BE0746}.Release|Any CPU.Build.0 = Release|Any CPU
		{67ADDFCE-320E-4086-A180-4362644DB007}.Debug|Any CPU.ActiveCfg = Debug|Any CPU
		{67ADDFCE-320E-4086-A180-4362644DB007}.Debug|Any CPU.Build.0 = Debug|Any CPU
		{67ADDFCE-320E-4086-A180-4362644DB007}.Release|Any CPU.ActiveCfg = Release|Any CPU
		{67ADDFCE-320E-4086-A180-4362644DB007}.Release|Any CPU.Build.0 = Release|Any CPU
		{A7E55A31-113C-4BAC-B5B3-24A61F637483}.Debug|Any CPU.ActiveCfg = Debug|Any CPU
		{A7E55A31-113C-4BAC-B5B3-24A61F637483}.Debug|Any CPU.Build.0 = Debug|Any CPU
		{A7E55A31-113C-4BAC-B5B3-24A61F637483}.Release|Any CPU.ActiveCfg = Release|Any CPU
		{A7E55A31-113C-4BAC-B5B3-24A61F637483}.Release|Any CPU.Build.0 = Release|Any CPU
		{81084352-9429-46F8-98C4-96F0569F3224}.Debug|Any CPU.ActiveCfg = Debug|Any CPU
		{81084352-9429-46F8-98C4-96F0569F3224}.Debug|Any CPU.Build.0 = Debug|Any CPU
		{81084352-9429-46F8-98C4-96F0569F3224}.Release|Any CPU.ActiveCfg = Release|Any CPU
		{81084352-9429-46F8-98C4-96F0569F3224}.Release|Any CPU.Build.0 = Release|Any CPU
		{1396F85E-2521-4599-AC14-6DD63C22AEC8}.Debug|Any CPU.ActiveCfg = Debug|Any CPU
		{1396F85E-2521-4599-AC14-6DD63C22AEC8}.Debug|Any CPU.Build.0 = Debug|Any CPU
		{1396F85E-2521-4599-AC14-6DD63C22AEC8}.Release|Any CPU.ActiveCfg = Release|Any CPU
		{1396F85E-2521-4599-AC14-6DD63C22AEC8}.Release|Any CPU.Build.0 = Release|Any CPU
	EndGlobalSection
	GlobalSection(SolutionProperties) = preSolution
		HideSolutionNode = FALSE
	EndGlobalSection
	GlobalSection(ExtensibilityGlobals) = postSolution
		SolutionGuid = {D0A494EC-4B97-466C-9FA4-3E17DB64B33F}
	EndGlobalSection
EndGlobal
