
Microsoft Visual Studio Solution File, Format Version 12.00
# Visual Studio Version 16
VisualStudioVersion = 16.0.29814.53
MinimumVisualStudioVersion = 10.0.40219.1
Project("{FAE04EC0-301F-11D3-BF4B-00C04F79EFBC}") = "Domain", "Domain\Domain.csproj", "{B7288BC7-8405-4B46-86C8-A2DFB7BE0746}"
EndProject
Global
	GlobalSection(SolutionConfigurationPlatforms) = preSolution
		Debug|Any CPU = Debug|Any CPU
		Release|Any CPU = Release|Any CPU
	EndGlobalSection
	GlobalSection(ProjectConfigurationPlatforms) = postSolution
		{B7288BC7-8405-4B46-86C8-A2DFB7BE0746}.Debug|Any CPU.ActiveCfg = Debug|Any CPU
		{B7288BC7-8405-4B46-86C8-A2DFB7BE0746}.Debug|Any CPU.Build.0 = Debug|Any CPU
		{B7288BC7-8405-4B46-86C8-A2DFB7BE0746}.Release|Any CPU.ActiveCfg = Release|Any CPU
		{B7288BC7-8405-4B46-86C8-A2DFB7BE0746}.Release|Any CPU.Build.0 = Release|Any CPU
	EndGlobalSection
	GlobalSection(SolutionProperties) = preSolution
		HideSolutionNode = FALSE
	EndGlobalSection
	GlobalSection(ExtensibilityGlobals) = postSolution
		SolutionGuid = {D0A494EC-4B97-466C-9FA4-3E17DB64B33F}
	EndGlobalSection
EndGlobal
